# This file was autogenerated by Stack.
# You should not edit this file by hand.
# For more information, please see the documentation at:
#   https://docs.haskellstack.org/en/stable/lock_files

packages: []
snapshots:
- completed:
    sha256: bf712da8f0843c6bb78c37595a60056cfe777c60ab8c4f529ff822703994aaee
    size: 698976
    url: https://raw.githubusercontent.com/commercialhaskell/stackage-snapshots/master/nightly/2023/11/15.yaml
  original: nightly-2023-11-15
